// !$*UTF8*$!
{
	archiveVersion = 1;
	classes = {
	};
	objectVersion = 56;
	objects = {

/* Begin PBXBuildFile section */
		630F7C4D291351D000527744 /* Network.swift in Sources */ = {isa = PBXBuildFile; fileRef = 630F7C4C291351D000527744 /* Network.swift */; };
		630F7C4F291352FB00527744 /* ProfileViewModel.swift in Sources */ = {isa = PBXBuildFile; fileRef = 630F7C4E291352FB00527744 /* ProfileViewModel.swift */; };
		630F7C52291353D900527744 /* RxCocoa in Frameworks */ = {isa = PBXBuildFile; productRef = 630F7C51291353D900527744 /* RxCocoa */; };
		630F7C54291353D900527744 /* RxSwift in Frameworks */ = {isa = PBXBuildFile; productRef = 630F7C53291353D900527744 /* RxSwift */; };
		630F7C562913628A00527744 /* SubscriptExample.swift in Sources */ = {isa = PBXBuildFile; fileRef = 630F7C552913628A00527744 /* SubscriptExample.swift */; };
		63B39DF72911FD2000A5F73F /* AppDelegate.swift in Sources */ = {isa = PBXBuildFile; fileRef = 63B39DF62911FD2000A5F73F /* AppDelegate.swift */; };
		63B39DF92911FD2000A5F73F /* SceneDelegate.swift in Sources */ = {isa = PBXBuildFile; fileRef = 63B39DF82911FD2000A5F73F /* SceneDelegate.swift */; };
		63B39DFB2911FD2000A5F73F /* ViewController.swift in Sources */ = {isa = PBXBuildFile; fileRef = 63B39DFA2911FD2000A5F73F /* ViewController.swift */; };
		63B39DFE2911FD2000A5F73F /* Main.storyboard in Resources */ = {isa = PBXBuildFile; fileRef = 63B39DFC2911FD2000A5F73F /* Main.storyboard */; };
		63B39E002911FD2100A5F73F /* Assets.xcassets in Resources */ = {isa = PBXBuildFile; fileRef = 63B39DFF2911FD2100A5F73F /* Assets.xcassets */; };
		63B39E032911FD2100A5F73F /* LaunchScreen.storyboard in Resources */ = {isa = PBXBuildFile; fileRef = 63B39E012911FD2100A5F73F /* LaunchScreen.storyboard */; };
		63B39E0C29120A1200A5F73F /* Alamofire in Frameworks */ = {isa = PBXBuildFile; productRef = 63B39E0B29120A1200A5F73F /* Alamofire */; };
		63B39E0F29120EFB00A5F73F /* APIService.swift in Sources */ = {isa = PBXBuildFile; fileRef = 63B39E0E29120EFB00A5F73F /* APIService.swift */; };
		63B39E1129121BE400A5F73F /* Endpoint.swift in Sources */ = {isa = PBXBuildFile; fileRef = 63B39E1029121BE400A5F73F /* Endpoint.swift */; };
/* End PBXBuildFile section */

/* Begin PBXFileReference section */
		630F7C4C291351D000527744 /* Network.swift */ = {isa = PBXFileReference; lastKnownFileType = sourcecode.swift; path = Network.swift; sourceTree = "<group>"; };
		630F7C4E291352FB00527744 /* ProfileViewModel.swift */ = {isa = PBXFileReference; lastKnownFileType = sourcecode.swift; path = ProfileViewModel.swift; sourceTree = "<group>"; };
		630F7C552913628A00527744 /* SubscriptExample.swift */ = {isa = PBXFileReference; lastKnownFileType = sourcecode.swift; path = SubscriptExample.swift; sourceTree = "<group>"; };
		63B39DF32911FD2000A5F73F /* SeSAC2Week18.app */ = {isa = PBXFileReference; explicitFileType = wrapper.application; includeInIndex = 0; path = SeSAC2Week18.app; sourceTree = BUILT_PRODUCTS_DIR; };
		63B39DF62911FD2000A5F73F /* AppDelegate.swift */ = {isa = PBXFileReference; lastKnownFileType = sourcecode.swift; path = AppDelegate.swift; sourceTree = "<group>"; };
		63B39DF82911FD2000A5F73F /* SceneDelegate.swift */ = {isa = PBXFileReference; lastKnownFileType = sourcecode.swift; path = SceneDelegate.swift; sourceTree = "<group>"; };
		63B39DFA2911FD2000A5F73F /* ViewController.swift */ = {isa = PBXFileReference; lastKnownFileType = sourcecode.swift; path = ViewController.swift; sourceTree = "<group>"; };
		63B39DFD2911FD2000A5F73F /* Base */ = {isa = PBXFileReference; lastKnownFileType = file.storyboard; name = Base; path = Base.lproj/Main.storyboard; sourceTree = "<group>"; };
		63B39DFF2911FD2100A5F73F /* Assets.xcassets */ = {isa = PBXFileReference; lastKnownFileType = folder.assetcatalog; path = Assets.xcassets; sourceTree = "<group>"; };
		63B39E022911FD2100A5F73F /* Base */ = {isa = PBXFileReference; lastKnownFileType = file.storyboard; name = Base; path = Base.lproj/LaunchScreen.storyboard; sourceTree = "<group>"; };
		63B39E042911FD2100A5F73F /* Info.plist */ = {isa = PBXFileReference; lastKnownFileType = text.plist.xml; path = Info.plist; sourceTree = "<group>"; };
		63B39E0E29120EFB00A5F73F /* APIService.swift */ = {isa = PBXFileReference; lastKnownFileType = sourcecode.swift; path = APIService.swift; sourceTree = "<group>"; };
		63B39E1029121BE400A5F73F /* Endpoint.swift */ = {isa = PBXFileReference; lastKnownFileType = sourcecode.swift; path = Endpoint.swift; sourceTree = "<group>"; };
/* End PBXFileReference section */

/* Begin PBXFrameworksBuildPhase section */
		63B39DF02911FD2000A5F73F /* Frameworks */ = {
			isa = PBXFrameworksBuildPhase;
			buildActionMask = 2147483647;
			files = (
				630F7C54291353D900527744 /* RxSwift in Frameworks */,
				630F7C52291353D900527744 /* RxCocoa in Frameworks */,
				63B39E0C29120A1200A5F73F /* Alamofire in Frameworks */,
			);
			runOnlyForDeploymentPostprocessing = 0;
		};
/* End PBXFrameworksBuildPhase section */

/* Begin PBXGroup section */
		63B39DEA2911FD2000A5F73F = {
			isa = PBXGroup;
			children = (
				63B39DF52911FD2000A5F73F /* SeSAC2Week18 */,
				63B39DF42911FD2000A5F73F /* Products */,
			);
			sourceTree = "<group>";
		};
		63B39DF42911FD2000A5F73F /* Products */ = {
			isa = PBXGroup;
			children = (
				63B39DF32911FD2000A5F73F /* SeSAC2Week18.app */,
			);
			name = Products;
			sourceTree = "<group>";
		};
		63B39DF52911FD2000A5F73F /* SeSAC2Week18 */ = {
			isa = PBXGroup;
			children = (
				63B39DF62911FD2000A5F73F /* AppDelegate.swift */,
				63B39E0D29120EED00A5F73F /* Network */,
				63B39DF82911FD2000A5F73F /* SceneDelegate.swift */,
				63B39DFA2911FD2000A5F73F /* ViewController.swift */,
				630F7C552913628A00527744 /* SubscriptExample.swift */,
				630F7C4E291352FB00527744 /* ProfileViewModel.swift */,
				63B39DFC2911FD2000A5F73F /* Main.storyboard */,
				63B39DFF2911FD2100A5F73F /* Assets.xcassets */,
				63B39E012911FD2100A5F73F /* LaunchScreen.storyboard */,
				63B39E042911FD2100A5F73F /* Info.plist */,
			);
			path = SeSAC2Week18;
			sourceTree = "<group>";
		};
		63B39E0D29120EED00A5F73F /* Network */ = {
			isa = PBXGroup;
			children = (
				63B39E0E29120EFB00A5F73F /* APIService.swift */,
				630F7C4C291351D000527744 /* Network.swift */,
				63B39E1029121BE400A5F73F /* Endpoint.swift */,
			);
			path = Network;
			sourceTree = "<group>";
		};
/* End PBXGroup section */

/* Begin PBXNativeTarget section */
		63B39DF22911FD2000A5F73F /* SeSAC2Week18 */ = {
			isa = PBXNativeTarget;
			buildConfigurationList = 63B39E072911FD2100A5F73F /* Build configuration list for PBXNativeTarget "SeSAC2Week18" */;
			buildPhases = (
				63B39DEF2911FD2000A5F73F /* Sources */,
				63B39DF02911FD2000A5F73F /* Frameworks */,
				63B39DF12911FD2000A5F73F /* Resources */,
			);
			buildRules = (
			);
			dependencies = (
			);
			name = SeSAC2Week18;
			packageProductDependencies = (
				63B39E0B29120A1200A5F73F /* Alamofire */,
				630F7C51291353D900527744 /* RxCocoa */,
				630F7C53291353D900527744 /* RxSwift */,
			);
			productName = SeSAC2Week18;
			productReference = 63B39DF32911FD2000A5F73F /* SeSAC2Week18.app */;
			productType = "com.apple.product-type.application";
		};
/* End PBXNativeTarget section */

/* Begin PBXProject section */
		63B39DEB2911FD2000A5F73F /* Project object */ = {
			isa = PBXProject;
			attributes = {
				BuildIndependentTargetsInParallel = 1;
				LastSwiftUpdateCheck = 1400;
				LastUpgradeCheck = 1400;
				TargetAttributes = {
					63B39DF22911FD2000A5F73F = {
						CreatedOnToolsVersion = 14.0.1;
					};
				};
			};
			buildConfigurationList = 63B39DEE2911FD2000A5F73F /* Build configuration list for PBXProject "SeSAC2Week18" */;
			compatibilityVersion = "Xcode 14.0";
			developmentRegion = en;
			hasScannedForEncodings = 0;
			knownRegions = (
				en,
				Base,
			);
			mainGroup = 63B39DEA2911FD2000A5F73F;
			packageReferences = (
				63B39E0A29120A1200A5F73F /* XCRemoteSwiftPackageReference "Alamofire" */,
				630F7C50291353D900527744 /* XCRemoteSwiftPackageReference "RxSwift" */,
			);
			productRefGroup = 63B39DF42911FD2000A5F73F /* Products */;
			projectDirPath = "";
			projectRoot = "";
			targets = (
				63B39DF22911FD2000A5F73F /* SeSAC2Week18 */,
			);
		};
/* End PBXProject section */

/* Begin PBXResourcesBuildPhase section */
		63B39DF12911FD2000A5F73F /* Resources */ = {
			isa = PBXResourcesBuildPhase;
			buildActionMask = 2147483647;
			files = (
				63B39E032911FD2100A5F73F /* LaunchScreen.storyboard in Resources */,
				63B39E002911FD2100A5F73F /* Assets.xcassets in Resources */,
				63B39DFE2911FD2000A5F73F /* Main.storyboard in Resources */,
			);
			runOnlyForDeploymentPostprocessing = 0;
		};
/* End PBXResourcesBuildPhase section */

/* Begin PBXSourcesBuildPhase section */
		63B39DEF2911FD2000A5F73F /* Sources */ = {
			isa = PBXSourcesBuildPhase;
			buildActionMask = 2147483647;
			files = (
				63B39DFB2911FD2000A5F73F /* ViewController.swift in Sources */,
				63B39DF72911FD2000A5F73F /* AppDelegate.swift in Sources */,
				630F7C4D291351D000527744 /* Network.swift in Sources */,
				63B39E0F29120EFB00A5F73F /* APIService.swift in Sources */,
				630F7C562913628A00527744 /* SubscriptExample.swift in Sources */,
				63B39DF92911FD2000A5F73F /* SceneDelegate.swift in Sources */,
				63B39E1129121BE400A5F73F /* Endpoint.swift in Sources */,
				630F7C4F291352FB00527744 /* ProfileViewModel.swift in Sources */,
			);
			runOnlyForDeploymentPostprocessing = 0;
		};
/* End PBXSourcesBuildPhase section */

/* Begin PBXVariantGroup section */
		63B39DFC2911FD2000A5F73F /* Main.storyboard */ = {
			isa = PBXVariantGroup;
			children = (
				63B39DFD2911FD2000A5F73F /* Base */,
			);
			name = Main.storyboard;
			sourceTree = "<group>";
		};
		63B39E012911FD2100A5F73F /* LaunchScreen.storyboard */ = {
			isa = PBXVariantGroup;
			children = (
				63B39E022911FD2100A5F73F /* Base */,
			);
			name = LaunchScreen.storyboard;
			sourceTree = "<group>";
		};
/* End PBXVariantGroup section */

/* Begin XCBuildConfiguration section */
		63B39E052911FD2100A5F73F /* Debug */ = {
			isa = XCBuildConfiguration;
			buildSettings = {
				ALWAYS_SEARCH_USER_PATHS = NO;
				CLANG_ANALYZER_NONNULL = YES;
				CLANG_ANALYZER_NUMBER_OBJECT_CONVERSION = YES_AGGRESSIVE;
				CLANG_CXX_LANGUAGE_STANDARD = "gnu++20";
				CLANG_ENABLE_MODULES = YES;
				CLANG_ENABLE_OBJC_ARC = YES;
				CLANG_ENABLE_OBJC_WEAK = YES;
				CLANG_WARN_BLOCK_CAPTURE_AUTORELEASING = YES;
				CLANG_WARN_BOOL_CONVERSION = YES;
				CLANG_WARN_COMMA = YES;
				CLANG_WARN_CONSTANT_CONVERSION = YES;
				CLANG_WARN_DEPRECATED_OBJC_IMPLEMENTATIONS = YES;
				CLANG_WARN_DIRECT_OBJC_ISA_USAGE = YES_ERROR;
				CLANG_WARN_DOCUMENTATION_COMMENTS = YES;
				CLANG_WARN_EMPTY_BODY = YES;
				CLANG_WARN_ENUM_CONVERSION = YES;
				CLANG_WARN_INFINITE_RECURSION = YES;
				CLANG_WARN_INT_CONVERSION = YES;
				CLANG_WARN_NON_LITERAL_NULL_CONVERSION = YES;
				CLANG_WARN_OBJC_IMPLICIT_RETAIN_SELF = YES;
				CLANG_WARN_OBJC_LITERAL_CONVERSION = YES;
				CLANG_WARN_OBJC_ROOT_CLASS = YES_ERROR;
				CLANG_WARN_QUOTED_INCLUDE_IN_FRAMEWORK_HEADER = YES;
				CLANG_WARN_RANGE_LOOP_ANALYSIS = YES;
				CLANG_WARN_STRICT_PROTOTYPES = YES;
				CLANG_WARN_SUSPICIOUS_MOVE = YES;
				CLANG_WARN_UNGUARDED_AVAILABILITY = YES_AGGRESSIVE;
				CLANG_WARN_UNREACHABLE_CODE = YES;
				CLANG_WARN__DUPLICATE_METHOD_MATCH = YES;
				COPY_PHASE_STRIP = NO;
				DEBUG_INFORMATION_FORMAT = dwarf;
				ENABLE_STRICT_OBJC_MSGSEND = YES;
				ENABLE_TESTABILITY = YES;
				GCC_C_LANGUAGE_STANDARD = gnu11;
				GCC_DYNAMIC_NO_PIC = NO;
				GCC_NO_COMMON_BLOCKS = YES;
				GCC_OPTIMIZATION_LEVEL = 0;
				GCC_PREPROCESSOR_DEFINITIONS = (
					"DEBUG=1",
					"$(inherited)",
				);
				GCC_WARN_64_TO_32_BIT_CONVERSION = YES;
				GCC_WARN_ABOUT_RETURN_TYPE = YES_ERROR;
				GCC_WARN_UNDECLARED_SELECTOR = YES;
				GCC_WARN_UNINITIALIZED_AUTOS = YES_AGGRESSIVE;
				GCC_WARN_UNUSED_FUNCTION = YES;
				GCC_WARN_UNUSED_VARIABLE = YES;
				IPHONEOS_DEPLOYMENT_TARGET = 16.0;
				MTL_ENABLE_DEBUG_INFO = INCLUDE_SOURCE;
				MTL_FAST_MATH = YES;
				ONLY_ACTIVE_ARCH = YES;
				SDKROOT = iphoneos;
				SWIFT_ACTIVE_COMPILATION_CONDITIONS = DEBUG;
				SWIFT_OPTIMIZATION_LEVEL = "-Onone";
			};
			name = Debug;
		};
		63B39E062911FD2100A5F73F /* Release */ = {
			isa = XCBuildConfiguration;
			buildSettings = {
				ALWAYS_SEARCH_USER_PATHS = NO;
				CLANG_ANALYZER_NONNULL = YES;
				CLANG_ANALYZER_NUMBER_OBJECT_CONVERSION = YES_AGGRESSIVE;
				CLANG_CXX_LANGUAGE_STANDARD = "gnu++20";
				CLANG_ENABLE_MODULES = YES;
				CLANG_ENABLE_OBJC_ARC = YES;
				CLANG_ENABLE_OBJC_WEAK = YES;
				CLANG_WARN_BLOCK_CAPTURE_AUTORELEASING = YES;
				CLANG_WARN_BOOL_CONVERSION = YES;
				CLANG_WARN_COMMA = YES;
				CLANG_WARN_CONSTANT_CONVERSION = YES;
				CLANG_WARN_DEPRECATED_OBJC_IMPLEMENTATIONS = YES;
				CLANG_WARN_DIRECT_OBJC_ISA_USAGE = YES_ERROR;
				CLANG_WARN_DOCUMENTATION_COMMENTS = YES;
				CLANG_WARN_EMPTY_BODY = YES;
				CLANG_WARN_ENUM_CONVERSION = YES;
				CLANG_WARN_INFINITE_RECURSION = YES;
				CLANG_WARN_INT_CONVERSION = YES;
				CLANG_WARN_NON_LITERAL_NULL_CONVERSION = YES;
				CLANG_WARN_OBJC_IMPLICIT_RETAIN_SELF = YES;
				CLANG_WARN_OBJC_LITERAL_CONVERSION = YES;
				CLANG_WARN_OBJC_ROOT_CLASS = YES_ERROR;
				CLANG_WARN_QUOTED_INCLUDE_IN_FRAMEWORK_HEADER = YES;
				CLANG_WARN_RANGE_LOOP_ANALYSIS = YES;
				CLANG_WARN_STRICT_PROTOTYPES = YES;
				CLANG_WARN_SUSPICIOUS_MOVE = YES;
				CLANG_WARN_UNGUARDED_AVAILABILITY = YES_AGGRESSIVE;
				CLANG_WARN_UNREACHABLE_CODE = YES;
				CLANG_WARN__DUPLICATE_METHOD_MATCH = YES;
				COPY_PHASE_STRIP = NO;
				DEBUG_INFORMATION_FORMAT = "dwarf-with-dsym";
				ENABLE_NS_ASSERTIONS = NO;
				ENABLE_STRICT_OBJC_MSGSEND = YES;
				GCC_C_LANGUAGE_STANDARD = gnu11;
				GCC_NO_COMMON_BLOCKS = YES;
				GCC_WARN_64_TO_32_BIT_CONVERSION = YES;
				GCC_WARN_ABOUT_RETURN_TYPE = YES_ERROR;
				GCC_WARN_UNDECLARED_SELECTOR = YES;
				GCC_WARN_UNINITIALIZED_AUTOS = YES_AGGRESSIVE;
				GCC_WARN_UNUSED_FUNCTION = YES;
				GCC_WARN_UNUSED_VARIABLE = YES;
				IPHONEOS_DEPLOYMENT_TARGET = 16.0;
				MTL_ENABLE_DEBUG_INFO = NO;
				MTL_FAST_MATH = YES;
				SDKROOT = iphoneos;
				SWIFT_COMPILATION_MODE = wholemodule;
				SWIFT_OPTIMIZATION_LEVEL = "-O";
				VALIDATE_PRODUCT = YES;
			};
			name = Release;
		};
		63B39E082911FD2100A5F73F /* Debug */ = {
			isa = XCBuildConfiguration;
			buildSettings = {
				ASSETCATALOG_COMPILER_APPICON_NAME = AppIcon;
				ASSETCATALOG_COMPILER_GLOBAL_ACCENT_COLOR_NAME = AccentColor;
				CODE_SIGN_STYLE = Automatic;
				CURRENT_PROJECT_VERSION = 1;
				GENERATE_INFOPLIST_FILE = YES;
				INFOPLIST_FILE = SeSAC2Week18/Info.plist;
				INFOPLIST_KEY_UIApplicationSupportsIndirectInputEvents = YES;
				INFOPLIST_KEY_UILaunchStoryboardName = LaunchScreen;
				INFOPLIST_KEY_UIMainStoryboardFile = Main;
				INFOPLIST_KEY_UISupportedInterfaceOrientations_iPad = "UIInterfaceOrientationPortrait UIInterfaceOrientationPortraitUpsideDown UIInterfaceOrientationLandscapeLeft UIInterfaceOrientationLandscapeRight";
				INFOPLIST_KEY_UISupportedInterfaceOrientations_iPhone = "UIInterfaceOrientationPortrait UIInterfaceOrientationLandscapeLeft UIInterfaceOrientationLandscapeRight";
				LD_RUNPATH_SEARCH_PATHS = (
					"$(inherited)",
					"@executable_path/Frameworks",
				);
				MARKETING_VERSION = 1.0;
				PRODUCT_BUNDLE_IDENTIFIER = com.jy.SeSAC2Week18;
				PRODUCT_NAME = "$(TARGET_NAME)";
				SWIFT_EMIT_LOC_STRINGS = YES;
				SWIFT_VERSION = 5.0;
				TARGETED_DEVICE_FAMILY = "1,2";
			};
			name = Debug;
		};
		63B39E092911FD2100A5F73F /* Release */ = {
			isa = XCBuildConfiguration;
			buildSettings = {
				ASSETCATALOG_COMPILER_APPICON_NAME = AppIcon;
				ASSETCATALOG_COMPILER_GLOBAL_ACCENT_COLOR_NAME = AccentColor;
				CODE_SIGN_STYLE = Automatic;
				CURRENT_PROJECT_VERSION = 1;
				GENERATE_INFOPLIST_FILE = YES;
				INFOPLIST_FILE = SeSAC2Week18/Info.plist;
				INFOPLIST_KEY_UIApplicationSupportsIndirectInputEvents = YES;
				INFOPLIST_KEY_UILaunchStoryboardName = LaunchScreen;
				INFOPLIST_KEY_UIMainStoryboardFile = Main;
				INFOPLIST_KEY_UISupportedInterfaceOrientations_iPad = "UIInterfaceOrientationPortrait UIInterfaceOrientationPortraitUpsideDown UIInterfaceOrientationLandscapeLeft UIInterfaceOrientationLandscapeRight";
				INFOPLIST_KEY_UISupportedInterfaceOrientations_iPhone = "UIInterfaceOrientationPortrait UIInterfaceOrientationLandscapeLeft UIInterfaceOrientationLandscapeRight";
				LD_RUNPATH_SEARCH_PATHS = (
					"$(inherited)",
					"@executable_path/Frameworks",
				);
				MARKETING_VERSION = 1.0;
				PRODUCT_BUNDLE_IDENTIFIER = com.jy.SeSAC2Week18;
				PRODUCT_NAME = "$(TARGET_NAME)";
				SWIFT_EMIT_LOC_STRINGS = YES;
				SWIFT_VERSION = 5.0;
				TARGETED_DEVICE_FAMILY = "1,2";
			};
			name = Release;
		};
/* End XCBuildConfiguration section */

/* Begin XCConfigurationList section */
		63B39DEE2911FD2000A5F73F /* Build configuration list for PBXProject "SeSAC2Week18" */ = {
			isa = XCConfigurationList;
			buildConfigurations = (
				63B39E052911FD2100A5F73F /* Debug */,
				63B39E062911FD2100A5F73F /* Release */,
			);
			defaultConfigurationIsVisible = 0;
			defaultConfigurationName = Release;
		};
		63B39E072911FD2100A5F73F /* Build configuration list for PBXNativeTarget "SeSAC2Week18" */ = {
			isa = XCConfigurationList;
			buildConfigurations = (
				63B39E082911FD2100A5F73F /* Debug */,
				63B39E092911FD2100A5F73F /* Release */,
			);
			defaultConfigurationIsVisible = 0;
			defaultConfigurationName = Release;
		};
/* End XCConfigurationList section */

/* Begin XCRemoteSwiftPackageReference section */
		630F7C50291353D900527744 /* XCRemoteSwiftPackageReference "RxSwift" */ = {
			isa = XCRemoteSwiftPackageReference;
			repositoryURL = "https://github.com/ReactiveX/RxSwift.git";
			requirement = {
				kind = upToNextMajorVersion;
				minimumVersion = 6.0.0;
			};
		};
		63B39E0A29120A1200A5F73F /* XCRemoteSwiftPackageReference "Alamofire" */ = {
			isa = XCRemoteSwiftPackageReference;
			repositoryURL = "https://github.com/Alamofire/Alamofire.git";
			requirement = {
				kind = upToNextMajorVersion;
				minimumVersion = 5.0.0;
			};
		};
/* End XCRemoteSwiftPackageReference section */

/* Begin XCSwiftPackageProductDependency section */
		630F7C51291353D900527744 /* RxCocoa */ = {
			isa = XCSwiftPackageProductDependency;
			package = 630F7C50291353D900527744 /* XCRemoteSwiftPackageReference "RxSwift" */;
			productName = RxCocoa;
		};
		630F7C53291353D900527744 /* RxSwift */ = {
			isa = XCSwiftPackageProductDependency;
			package = 630F7C50291353D900527744 /* XCRemoteSwiftPackageReference "RxSwift" */;
			productName = RxSwift;
		};
		63B39E0B29120A1200A5F73F /* Alamofire */ = {
			isa = XCSwiftPackageProductDependency;
			package = 63B39E0A29120A1200A5F73F /* XCRemoteSwiftPackageReference "Alamofire" */;
			productName = Alamofire;
		};
/* End XCSwiftPackageProductDependency section */
	};
	rootObject = 63B39DEB2911FD2000A5F73F /* Project object */;
}
